
Microsoft Visual Studio Solution File, Format Version 12.00
# Visual Studio 2013
VisualStudioVersion = 12.0.21005.1
MinimumVisualStudioVersion = 10.0.40219.1
Project("{FAE04EC0-301F-11D3-BF4B-00C04F79EFBC}") = "DevStore.Service", "DevStore.Service\DevStore.Service.csproj", "{DD4326D1-ED68-4BB1-8A86-799E0FA13518}"
EndProject
Project("{FAE04EC0-301F-11D3-BF4B-00C04F79EFBC}") = "DevStore.Entity", "DevStore.Entity\DevStore.Entity.csproj", "{C470108D-84D4-4CA2-ABD8-1EC332488D5E}"
EndProject
Project("{FAE04EC0-301F-11D3-BF4B-00C04F79EFBC}") = "DevStore.SessionState", "DevStore.SessionState\DevStore.SessionState.csproj", "{C2027301-0161-4608-A398-08AC30FD4323}"
EndProject
Project("{FAE04EC0-301F-11D3-BF4B-00C04F79EFBC}") = "DevStore.Test", "DevStore.Test\DevStore.Test.csproj", "{A9793065-5E83-4B70-B5B2-57E8CAC4F2D3}"
EndProject
Project("{FAE04EC0-301F-11D3-BF4B-00C04F79EFBC}") = "DevStore.Web", "DevStore.Web\DevStore.Web.csproj", "{A3118480-A91A-44DF-B8E6-283E3A58F9DA}"
EndProject
Project("{FAE04EC0-301F-11D3-BF4B-00C04F79EFBC}") = "DevStore.API", "DevStore.API\DevStore.API.csproj", "{41F02970-F039-427E-A2F4-3EF08F835342}"
EndProject
Global
	GlobalSection(SolutionConfigurationPlatforms) = preSolution
		Debug|Any CPU = Debug|Any CPU
		Release|Any CPU = Release|Any CPU
	EndGlobalSection
	GlobalSection(ProjectConfigurationPlatforms) = postSolution
		{DD4326D1-ED68-4BB1-8A86-799E0FA13518}.Debug|Any CPU.ActiveCfg = Debug|Any CPU
		{DD4326D1-ED68-4BB1-8A86-799E0FA13518}.Debug|Any CPU.Build.0 = Debug|Any CPU
		{DD4326D1-ED68-4BB1-8A86-799E0FA13518}.Release|Any CPU.ActiveCfg = Release|Any CPU
		{DD4326D1-ED68-4BB1-8A86-799E0FA13518}.Release|Any CPU.Build.0 = Release|Any CPU
		{C470108D-84D4-4CA2-ABD8-1EC332488D5E}.Debug|Any CPU.ActiveCfg = Debug|Any CPU
		{C470108D-84D4-4CA2-ABD8-1EC332488D5E}.Debug|Any CPU.Build.0 = Debug|Any CPU
		{C470108D-84D4-4CA2-ABD8-1EC332488D5E}.Release|Any CPU.ActiveCfg = Release|Any CPU
		{C470108D-84D4-4CA2-ABD8-1EC332488D5E}.Release|Any CPU.Build.0 = Release|Any CPU
		{C2027301-0161-4608-A398-08AC30FD4323}.Debug|Any CPU.ActiveCfg = Debug|Any CPU
		{C2027301-0161-4608-A398-08AC30FD4323}.Debug|Any CPU.Build.0 = Debug|Any CPU
		{C2027301-0161-4608-A398-08AC30FD4323}.Release|Any CPU.ActiveCfg = Release|Any CPU
		{C2027301-0161-4608-A398-08AC30FD4323}.Release|Any CPU.Build.0 = Release|Any CPU
		{A9793065-5E83-4B70-B5B2-57E8CAC4F2D3}.Debug|Any CPU.ActiveCfg = Debug|Any CPU
		{A9793065-5E83-4B70-B5B2-57E8CAC4F2D3}.Debug|Any CPU.Build.0 = Debug|Any CPU
		{A9793065-5E83-4B70-B5B2-57E8CAC4F2D3}.Release|Any CPU.ActiveCfg = Release|Any CPU
		{A9793065-5E83-4B70-B5B2-57E8CAC4F2D3}.Release|Any CPU.Build.0 = Release|Any CPU
		{A3118480-A91A-44DF-B8E6-283E3A58F9DA}.Debug|Any CPU.ActiveCfg = Debug|Any CPU
		{A3118480-A91A-44DF-B8E6-283E3A58F9DA}.Debug|Any CPU.Build.0 = Debug|Any CPU
		{A3118480-A91A-44DF-B8E6-283E3A58F9DA}.Release|Any CPU.ActiveCfg = Release|Any CPU
		{A3118480-A91A-44DF-B8E6-283E3A58F9DA}.Release|Any CPU.Build.0 = Release|Any CPU
		{41F02970-F039-427E-A2F4-3EF08F835342}.Debug|Any CPU.ActiveCfg = Debug|Any CPU
		{41F02970-F039-427E-A2F4-3EF08F835342}.Debug|Any CPU.Build.0 = Debug|Any CPU
		{41F02970-F039-427E-A2F4-3EF08F835342}.Release|Any CPU.ActiveCfg = Release|Any CPU
		{41F02970-F039-427E-A2F4-3EF08F835342}.Release|Any CPU.Build.0 = Release|Any CPU
	EndGlobalSection
	GlobalSection(SolutionProperties) = preSolution
		HideSolutionNode = FALSE
	EndGlobalSection
EndGlobal
